{
  "object": {
    "pins": [
      {
        "package": "Alamofire",
        "repositoryURL": "https://github.com/Alamofire/Alamofire.git",
        "state": {
          "branch": "master",
          "revision": "bdecb2c87a21a236dcfe88b21532ad3f0e3d20f4",
          "version": null
        }
      },
      {
        "package": "Kingfisher",
        "repositoryURL": "https://github.com/onevcat/Kingfisher",
        "state": {
          "branch": "master",
          "revision": "6c6d77b43cdf032417be925eaa4a583907d9bb32",
          "version": null
        }
      }
    ]
  },
  "version": 1
}
