// !$*UTF8*$!
{
	archiveVersion = 1;
	classes = {
	};
	objectVersion = 55;
	objects = {

/* Begin PBXBuildFile section */
		FC3B627A28E7974C00F51B0D /* AppDelegate.swift in Sources */ = {isa = PBXBuildFile; fileRef = FC3B627928E7974C00F51B0D /* AppDelegate.swift */; };
		FC3B627C28E7974C00F51B0D /* SceneDelegate.swift in Sources */ = {isa = PBXBuildFile; fileRef = FC3B627B28E7974C00F51B0D /* SceneDelegate.swift */; };
		FC3B627E28E7974C00F51B0D /* ArticleListViewController.swift in Sources */ = {isa = PBXBuildFile; fileRef = FC3B627D28E7974C00F51B0D /* ArticleListViewController.swift */; };
		FC3B628128E7974C00F51B0D /* Main.storyboard in Resources */ = {isa = PBXBuildFile; fileRef = FC3B627F28E7974C00F51B0D /* Main.storyboard */; };
		FC3B628428E7974C00F51B0D /* TravelGuideApp.xcdatamodeld in Sources */ = {isa = PBXBuildFile; fileRef = FC3B628228E7974C00F51B0D /* TravelGuideApp.xcdatamodeld */; };
		FC3B628628E7974D00F51B0D /* Assets.xcassets in Resources */ = {isa = PBXBuildFile; fileRef = FC3B628528E7974D00F51B0D /* Assets.xcassets */; };
		FC3B628928E7974D00F51B0D /* LaunchScreen.storyboard in Resources */ = {isa = PBXBuildFile; fileRef = FC3B628728E7974D00F51B0D /* LaunchScreen.storyboard */; };
		FC4D9F8328F37E4A00B0F902 /* FlightEntity.swift in Sources */ = {isa = PBXBuildFile; fileRef = FC4D9F8228F37E4A00B0F902 /* FlightEntity.swift */; };
		FC4D9F8528F37E8F00B0F902 /* FlightListModel.swift in Sources */ = {isa = PBXBuildFile; fileRef = FC4D9F8428F37E8F00B0F902 /* FlightListModel.swift */; };
		FC4D9F8728F37EE200B0F902 /* FlightListViewModel.swift in Sources */ = {isa = PBXBuildFile; fileRef = FC4D9F8628F37EE200B0F902 /* FlightListViewModel.swift */; };
		FC4D9F8928F37F8B00B0F902 /* FlightListViewController.swift in Sources */ = {isa = PBXBuildFile; fileRef = FC4D9F8828F37F8B00B0F902 /* FlightListViewController.swift */; };
		FC4D9F8C28F3813000B0F902 /* FlightListTableViewCell.swift in Sources */ = {isa = PBXBuildFile; fileRef = FC4D9F8A28F3813000B0F902 /* FlightListTableViewCell.swift */; };
		FC4D9F8D28F3813000B0F902 /* FlightListTableViewCell.xib in Resources */ = {isa = PBXBuildFile; fileRef = FC4D9F8B28F3813000B0F902 /* FlightListTableViewCell.xib */; };
		FC4D9F9028F3A47400B0F902 /* SourceSansPro-Bold.ttf in Resources */ = {isa = PBXBuildFile; fileRef = FC4D9F8F28F3A47400B0F902 /* SourceSansPro-Bold.ttf */; };
		FC4D9F9228F3A4B100B0F902 /* SourceSansPro-Regular.ttf in Resources */ = {isa = PBXBuildFile; fileRef = FC4D9F9128F3A4B100B0F902 /* SourceSansPro-Regular.ttf */; };
		FC4D9F9428F3A51F00B0F902 /* Montserrat-Regular.ttf in Resources */ = {isa = PBXBuildFile; fileRef = FC4D9F9328F3A51F00B0F902 /* Montserrat-Regular.ttf */; };
		FC4D9F9628F3A53200B0F902 /* Montserrat-Light.ttf in Resources */ = {isa = PBXBuildFile; fileRef = FC4D9F9528F3A53200B0F902 /* Montserrat-Light.ttf */; };
		FC4D9F9828F3A54300B0F902 /* Montserrat-SemiBold.ttf in Resources */ = {isa = PBXBuildFile; fileRef = FC4D9F9728F3A54300B0F902 /* Montserrat-SemiBold.ttf */; };
		FC4D9F9A28F3A74C00B0F902 /* SourceSansPro-SemiBold.ttf in Resources */ = {isa = PBXBuildFile; fileRef = FC4D9F9928F3A74C00B0F902 /* SourceSansPro-SemiBold.ttf */; };
		FC4D9F9C28F4579400B0F902 /* Flight.json in Resources */ = {isa = PBXBuildFile; fileRef = FC4D9F9B28F4579400B0F902 /* Flight.json */; };
		FC4D9F9F28F4A1D700B0F902 /* DetailViewController.swift in Sources */ = {isa = PBXBuildFile; fileRef = FC4D9F9E28F4A1D700B0F902 /* DetailViewController.swift */; };
		FC4D9FAA28F50C8D00B0F902 /* Hotels.json in Resources */ = {isa = PBXBuildFile; fileRef = FC4D9FA928F50C8D00B0F902 /* Hotels.json */; };
		FC4D9FB128F5181400B0F902 /* HotelListViewController.swift in Sources */ = {isa = PBXBuildFile; fileRef = FC4D9FB028F5181300B0F902 /* HotelListViewController.swift */; };
		FC4D9FB328F5182D00B0F902 /* HotelListViewModel.swift in Sources */ = {isa = PBXBuildFile; fileRef = FC4D9FB228F5182D00B0F902 /* HotelListViewModel.swift */; };
		FC4D9FB528F5183E00B0F902 /* HotelEntity.swift in Sources */ = {isa = PBXBuildFile; fileRef = FC4D9FB428F5183E00B0F902 /* HotelEntity.swift */; };
		FC4D9FB728F5184B00B0F902 /* HotelListModel.swift in Sources */ = {isa = PBXBuildFile; fileRef = FC4D9FB628F5184B00B0F902 /* HotelListModel.swift */; };
		FCE5819828F3122800A7A0D7 /* ArticlesEntity.swift in Sources */ = {isa = PBXBuildFile; fileRef = FCE5819728F3122800A7A0D7 /* ArticlesEntity.swift */; };
		FCE5819A28F3133600A7A0D7 /* ArticlesListModel.swift in Sources */ = {isa = PBXBuildFile; fileRef = FCE5819928F3133600A7A0D7 /* ArticlesListModel.swift */; };
		FCE5819C28F3138400A7A0D7 /* ArticlesViewModel.swift in Sources */ = {isa = PBXBuildFile; fileRef = FCE5819B28F3138400A7A0D7 /* ArticlesViewModel.swift */; };
		FCE5819E28F32A0800A7A0D7 /* TopPickArticles.json in Resources */ = {isa = PBXBuildFile; fileRef = FCE5819D28F32A0800A7A0D7 /* TopPickArticles.json */; };
		FCE581A328F335E900A7A0D7 /* Kingfisher in Frameworks */ = {isa = PBXBuildFile; productRef = FCE581A228F335E900A7A0D7 /* Kingfisher */; };
		FCE581A928F3367500A7A0D7 /* Alamofire in Frameworks */ = {isa = PBXBuildFile; productRef = FCE581A828F3367500A7A0D7 /* Alamofire */; };
		FCE581AC28F3388400A7A0D7 /* ArticleListCollectionViewCell.swift in Sources */ = {isa = PBXBuildFile; fileRef = FCE581AA28F3388400A7A0D7 /* ArticleListCollectionViewCell.swift */; };
		FCE581AD28F3388400A7A0D7 /* ArticleListCollectionViewCell.xib in Resources */ = {isa = PBXBuildFile; fileRef = FCE581AB28F3388400A7A0D7 /* ArticleListCollectionViewCell.xib */; };
		FCE581B428F36E3400A7A0D7 /* SearchViewController.swift in Sources */ = {isa = PBXBuildFile; fileRef = FCE581B328F36E3300A7A0D7 /* SearchViewController.swift */; };
/* End PBXBuildFile section */

/* Begin PBXFileReference section */
		FC3B627628E7974C00F51B0D /* TravelGuideApp.app */ = {isa = PBXFileReference; explicitFileType = wrapper.application; includeInIndex = 0; path = TravelGuideApp.app; sourceTree = BUILT_PRODUCTS_DIR; };
		FC3B627928E7974C00F51B0D /* AppDelegate.swift */ = {isa = PBXFileReference; lastKnownFileType = sourcecode.swift; path = AppDelegate.swift; sourceTree = "<group>"; };
		FC3B627B28E7974C00F51B0D /* SceneDelegate.swift */ = {isa = PBXFileReference; lastKnownFileType = sourcecode.swift; path = SceneDelegate.swift; sourceTree = "<group>"; };
		FC3B627D28E7974C00F51B0D /* ArticleListViewController.swift */ = {isa = PBXFileReference; lastKnownFileType = sourcecode.swift; path = ArticleListViewController.swift; sourceTree = "<group>"; };
		FC3B628028E7974C00F51B0D /* Base */ = {isa = PBXFileReference; lastKnownFileType = file.storyboard; name = Base; path = Base.lproj/Main.storyboard; sourceTree = "<group>"; };
		FC3B628328E7974C00F51B0D /* TravelGuideApp.xcdatamodel */ = {isa = PBXFileReference; lastKnownFileType = wrapper.xcdatamodel; path = TravelGuideApp.xcdatamodel; sourceTree = "<group>"; };
		FC3B628528E7974D00F51B0D /* Assets.xcassets */ = {isa = PBXFileReference; lastKnownFileType = folder.assetcatalog; path = Assets.xcassets; sourceTree = "<group>"; };
		FC3B628828E7974D00F51B0D /* Base */ = {isa = PBXFileReference; lastKnownFileType = file.storyboard; name = Base; path = Base.lproj/LaunchScreen.storyboard; sourceTree = "<group>"; };
		FC3B628A28E7974D00F51B0D /* Info.plist */ = {isa = PBXFileReference; lastKnownFileType = text.plist.xml; path = Info.plist; sourceTree = "<group>"; };
		FC4D9F8228F37E4A00B0F902 /* FlightEntity.swift */ = {isa = PBXFileReference; lastKnownFileType = sourcecode.swift; path = FlightEntity.swift; sourceTree = "<group>"; };
		FC4D9F8428F37E8F00B0F902 /* FlightListModel.swift */ = {isa = PBXFileReference; lastKnownFileType = sourcecode.swift; path = FlightListModel.swift; sourceTree = "<group>"; };
		FC4D9F8628F37EE200B0F902 /* FlightListViewModel.swift */ = {isa = PBXFileReference; lastKnownFileType = sourcecode.swift; path = FlightListViewModel.swift; sourceTree = "<group>"; };
		FC4D9F8828F37F8B00B0F902 /* FlightListViewController.swift */ = {isa = PBXFileReference; lastKnownFileType = sourcecode.swift; path = FlightListViewController.swift; sourceTree = "<group>"; };
		FC4D9F8A28F3813000B0F902 /* FlightListTableViewCell.swift */ = {isa = PBXFileReference; lastKnownFileType = sourcecode.swift; path = FlightListTableViewCell.swift; sourceTree = "<group>"; };
		FC4D9F8B28F3813000B0F902 /* FlightListTableViewCell.xib */ = {isa = PBXFileReference; lastKnownFileType = file.xib; path = FlightListTableViewCell.xib; sourceTree = "<group>"; };
		FC4D9F8F28F3A47400B0F902 /* SourceSansPro-Bold.ttf */ = {isa = PBXFileReference; lastKnownFileType = file; path = "SourceSansPro-Bold.ttf"; sourceTree = "<group>"; };
		FC4D9F9128F3A4B100B0F902 /* SourceSansPro-Regular.ttf */ = {isa = PBXFileReference; lastKnownFileType = file; path = "SourceSansPro-Regular.ttf"; sourceTree = "<group>"; };
		FC4D9F9328F3A51F00B0F902 /* Montserrat-Regular.ttf */ = {isa = PBXFileReference; lastKnownFileType = file; path = "Montserrat-Regular.ttf"; sourceTree = "<group>"; };
		FC4D9F9528F3A53200B0F902 /* Montserrat-Light.ttf */ = {isa = PBXFileReference; lastKnownFileType = file; path = "Montserrat-Light.ttf"; sourceTree = "<group>"; };
		FC4D9F9728F3A54300B0F902 /* Montserrat-SemiBold.ttf */ = {isa = PBXFileReference; lastKnownFileType = file; path = "Montserrat-SemiBold.ttf"; sourceTree = "<group>"; };
		FC4D9F9928F3A74C00B0F902 /* SourceSansPro-SemiBold.ttf */ = {isa = PBXFileReference; lastKnownFileType = file; path = "SourceSansPro-SemiBold.ttf"; sourceTree = "<group>"; };
		FC4D9F9B28F4579400B0F902 /* Flight.json */ = {isa = PBXFileReference; lastKnownFileType = text.json; path = Flight.json; sourceTree = "<group>"; };
		FC4D9F9E28F4A1D700B0F902 /* DetailViewController.swift */ = {isa = PBXFileReference; lastKnownFileType = sourcecode.swift; path = DetailViewController.swift; sourceTree = "<group>"; };
		FC4D9FA928F50C8D00B0F902 /* Hotels.json */ = {isa = PBXFileReference; lastKnownFileType = text.json; path = Hotels.json; sourceTree = "<group>"; };
		FC4D9FB028F5181300B0F902 /* HotelListViewController.swift */ = {isa = PBXFileReference; lastKnownFileType = sourcecode.swift; path = HotelListViewController.swift; sourceTree = "<group>"; };
		FC4D9FB228F5182D00B0F902 /* HotelListViewModel.swift */ = {isa = PBXFileReference; lastKnownFileType = sourcecode.swift; path = HotelListViewModel.swift; sourceTree = "<group>"; };
		FC4D9FB428F5183E00B0F902 /* HotelEntity.swift */ = {isa = PBXFileReference; lastKnownFileType = sourcecode.swift; path = HotelEntity.swift; sourceTree = "<group>"; };
		FC4D9FB628F5184B00B0F902 /* HotelListModel.swift */ = {isa = PBXFileReference; lastKnownFileType = sourcecode.swift; path = HotelListModel.swift; sourceTree = "<group>"; };
		FCE5819728F3122800A7A0D7 /* ArticlesEntity.swift */ = {isa = PBXFileReference; lastKnownFileType = sourcecode.swift; path = ArticlesEntity.swift; sourceTree = "<group>"; };
		FCE5819928F3133600A7A0D7 /* ArticlesListModel.swift */ = {isa = PBXFileReference; lastKnownFileType = sourcecode.swift; path = ArticlesListModel.swift; sourceTree = "<group>"; };
		FCE5819B28F3138400A7A0D7 /* ArticlesViewModel.swift */ = {isa = PBXFileReference; lastKnownFileType = sourcecode.swift; path = ArticlesViewModel.swift; sourceTree = "<group>"; };
		FCE5819D28F32A0800A7A0D7 /* TopPickArticles.json */ = {isa = PBXFileReference; fileEncoding = 4; lastKnownFileType = text.json; path = TopPickArticles.json; sourceTree = "<group>"; };
		FCE581AA28F3388400A7A0D7 /* ArticleListCollectionViewCell.swift */ = {isa = PBXFileReference; lastKnownFileType = sourcecode.swift; path = ArticleListCollectionViewCell.swift; sourceTree = "<group>"; };
		FCE581AB28F3388400A7A0D7 /* ArticleListCollectionViewCell.xib */ = {isa = PBXFileReference; lastKnownFileType = file.xib; path = ArticleListCollectionViewCell.xib; sourceTree = "<group>"; };
		FCE581B328F36E3300A7A0D7 /* SearchViewController.swift */ = {isa = PBXFileReference; lastKnownFileType = sourcecode.swift; path = SearchViewController.swift; sourceTree = "<group>"; };
/* End PBXFileReference section */

/* Begin PBXFrameworksBuildPhase section */
		FC3B627328E7974C00F51B0D /* Frameworks */ = {
			isa = PBXFrameworksBuildPhase;
			buildActionMask = 2147483647;
			files = (
				FCE581A328F335E900A7A0D7 /* Kingfisher in Frameworks */,
				FCE581A928F3367500A7A0D7 /* Alamofire in Frameworks */,
			);
			runOnlyForDeploymentPostprocessing = 0;
		};
/* End PBXFrameworksBuildPhase section */

/* Begin PBXGroup section */
		FC3B626D28E7974C00F51B0D = {
			isa = PBXGroup;
			children = (
				FC3B627828E7974C00F51B0D /* TravelGuideApp */,
				FC3B627728E7974C00F51B0D /* Products */,
			);
			sourceTree = "<group>";
		};
		FC3B627728E7974C00F51B0D /* Products */ = {
			isa = PBXGroup;
			children = (
				FC3B627628E7974C00F51B0D /* TravelGuideApp.app */,
			);
			name = Products;
			sourceTree = "<group>";
		};
		FC3B627828E7974C00F51B0D /* TravelGuideApp */ = {
			isa = PBXGroup;
			children = (
				FC4D9FAB28F5178900B0F902 /* HotelsModule */,
				FC3B628A28E7974D00F51B0D /* Info.plist */,
				FC4D9FA628F4E72C00B0F902 /* SuppertedFiles */,
				FC4D9FA028F4E69B00B0F902 /* FlightModule */,
				FC4D9F9D28F4A00500B0F902 /* DetailModule */,
				FCE581AE28F36ADB00A7A0D7 /* Resources */,
				FC4D9F8E28F3A44800B0F902 /* Extensions */,
				FCE581AF28F36DF600A7A0D7 /* SearchModule */,
				FCE5819328F30C8D00A7A0D7 /* HomeModule */,
				FC3B628228E7974C00F51B0D /* TravelGuideApp.xcdatamodeld */,
				FC4D9F9B28F4579400B0F902 /* Flight.json */,
				FC4D9FA928F50C8D00B0F902 /* Hotels.json */,
			);
			path = TravelGuideApp;
			sourceTree = "<group>";
		};
		FC4D9F8E28F3A44800B0F902 /* Extensions */ = {
			isa = PBXGroup;
			children = (
				FC4D9F8F28F3A47400B0F902 /* SourceSansPro-Bold.ttf */,
				FC4D9F9128F3A4B100B0F902 /* SourceSansPro-Regular.ttf */,
				FC4D9F9928F3A74C00B0F902 /* SourceSansPro-SemiBold.ttf */,
				FC4D9F9328F3A51F00B0F902 /* Montserrat-Regular.ttf */,
				FC4D9F9528F3A53200B0F902 /* Montserrat-Light.ttf */,
				FC4D9F9728F3A54300B0F902 /* Montserrat-SemiBold.ttf */,
			);
			path = Extensions;
			sourceTree = "<group>";
		};
		FC4D9F9D28F4A00500B0F902 /* DetailModule */ = {
			isa = PBXGroup;
			children = (
				FC4D9F9E28F4A1D700B0F902 /* DetailViewController.swift */,
			);
			path = DetailModule;
			sourceTree = "<group>";
		};
		FC4D9FA028F4E69B00B0F902 /* FlightModule */ = {
			isa = PBXGroup;
			children = (
				FC4D9FA428F4E6BD00B0F902 /* Cell */,
				FC4D9FA328F4E6B800B0F902 /* Model */,
				FC4D9FA228F4E6AF00B0F902 /* ViewModel */,
				FC4D9FA128F4E6AA00B0F902 /* View */,
			);
			path = FlightModule;
			sourceTree = "<group>";
		};
		FC4D9FA128F4E6AA00B0F902 /* View */ = {
			isa = PBXGroup;
			children = (
				FC4D9F8828F37F8B00B0F902 /* FlightListViewController.swift */,
			);
			path = View;
			sourceTree = "<group>";
		};
		FC4D9FA228F4E6AF00B0F902 /* ViewModel */ = {
			isa = PBXGroup;
			children = (
				FC4D9F8628F37EE200B0F902 /* FlightListViewModel.swift */,
			);
			path = ViewModel;
			sourceTree = "<group>";
		};
		FC4D9FA328F4E6B800B0F902 /* Model */ = {
			isa = PBXGroup;
			children = (
				FC4D9F8228F37E4A00B0F902 /* FlightEntity.swift */,
				FC4D9F8428F37E8F00B0F902 /* FlightListModel.swift */,
			);
			path = Model;
			sourceTree = "<group>";
		};
		FC4D9FA428F4E6BD00B0F902 /* Cell */ = {
			isa = PBXGroup;
			children = (
				FC4D9F8A28F3813000B0F902 /* FlightListTableViewCell.swift */,
				FC4D9F8B28F3813000B0F902 /* FlightListTableViewCell.xib */,
			);
			path = Cell;
			sourceTree = "<group>";
		};
		FC4D9FA528F4E70F00B0F902 /* Cell */ = {
			isa = PBXGroup;
			children = (
				FCE581AA28F3388400A7A0D7 /* ArticleListCollectionViewCell.swift */,
				FCE581AB28F3388400A7A0D7 /* ArticleListCollectionViewCell.xib */,
			);
			path = Cell;
			sourceTree = "<group>";
		};
		FC4D9FA628F4E72C00B0F902 /* SuppertedFiles */ = {
			isa = PBXGroup;
			children = (
				FC3B627928E7974C00F51B0D /* AppDelegate.swift */,
				FC3B627B28E7974C00F51B0D /* SceneDelegate.swift */,
			);
			path = SuppertedFiles;
			sourceTree = "<group>";
		};
		FC4D9FAB28F5178900B0F902 /* HotelsModule */ = {
			isa = PBXGroup;
			children = (
				FC4D9FAF28F517D200B0F902 /* Cell */,
				FC4D9FAE28F517CC00B0F902 /* Model */,
				FC4D9FAD28F517C100B0F902 /* ViewModel */,
				FC4D9FAC28F517BB00B0F902 /* View */,
			);
			path = HotelsModule;
			sourceTree = "<group>";
		};
		FC4D9FAC28F517BB00B0F902 /* View */ = {
			isa = PBXGroup;
			children = (
				FC4D9FB028F5181300B0F902 /* HotelListViewController.swift */,
			);
			path = View;
			sourceTree = "<group>";
		};
		FC4D9FAD28F517C100B0F902 /* ViewModel */ = {
			isa = PBXGroup;
			children = (
				FC4D9FB228F5182D00B0F902 /* HotelListViewModel.swift */,
			);
			path = ViewModel;
			sourceTree = "<group>";
		};
		FC4D9FAE28F517CC00B0F902 /* Model */ = {
			isa = PBXGroup;
			children = (
				FC4D9FB428F5183E00B0F902 /* HotelEntity.swift */,
				FC4D9FB628F5184B00B0F902 /* HotelListModel.swift */,
			);
			path = Model;
			sourceTree = "<group>";
		};
		FC4D9FAF28F517D200B0F902 /* Cell */ = {
			isa = PBXGroup;
			children = (
			);
			path = Cell;
			sourceTree = "<group>";
		};
		FCE5819328F30C8D00A7A0D7 /* HomeModule */ = {
			isa = PBXGroup;
			children = (
				FCE5819D28F32A0800A7A0D7 /* TopPickArticles.json */,
				FC4D9FA528F4E70F00B0F902 /* Cell */,
				FCE5819428F30CA500A7A0D7 /* Model */,
				FCE5819528F30CAC00A7A0D7 /* ViewModel */,
				FCE5819628F30CB400A7A0D7 /* View */,
			);
			path = HomeModule;
			sourceTree = "<group>";
		};
		FCE5819428F30CA500A7A0D7 /* Model */ = {
			isa = PBXGroup;
			children = (
				FCE5819728F3122800A7A0D7 /* ArticlesEntity.swift */,
				FCE5819928F3133600A7A0D7 /* ArticlesListModel.swift */,
			);
			path = Model;
			sourceTree = "<group>";
		};
		FCE5819528F30CAC00A7A0D7 /* ViewModel */ = {
			isa = PBXGroup;
			children = (
				FCE5819B28F3138400A7A0D7 /* ArticlesViewModel.swift */,
			);
			path = ViewModel;
			sourceTree = "<group>";
		};
		FCE5819628F30CB400A7A0D7 /* View */ = {
			isa = PBXGroup;
			children = (
				FC3B627D28E7974C00F51B0D /* ArticleListViewController.swift */,
			);
			path = View;
			sourceTree = "<group>";
		};
		FCE581AE28F36ADB00A7A0D7 /* Resources */ = {
			isa = PBXGroup;
			children = (
				FC3B627F28E7974C00F51B0D /* Main.storyboard */,
				FC3B628528E7974D00F51B0D /* Assets.xcassets */,
				FC3B628728E7974D00F51B0D /* LaunchScreen.storyboard */,
			);
			path = Resources;
			sourceTree = "<group>";
		};
		FCE581AF28F36DF600A7A0D7 /* SearchModule */ = {
			isa = PBXGroup;
			children = (
				FCE581B228F36E1800A7A0D7 /* Model */,
				FCE581B128F36E0D00A7A0D7 /* ViewModel */,
				FCE581B028F36E0600A7A0D7 /* View */,
				FCE581B328F36E3300A7A0D7 /* SearchViewController.swift */,
			);
			path = SearchModule;
			sourceTree = "<group>";
		};
		FCE581B028F36E0600A7A0D7 /* View */ = {
			isa = PBXGroup;
			children = (
			);
			path = View;
			sourceTree = "<group>";
		};
		FCE581B128F36E0D00A7A0D7 /* ViewModel */ = {
			isa = PBXGroup;
			children = (
			);
			path = ViewModel;
			sourceTree = "<group>";
		};
		FCE581B228F36E1800A7A0D7 /* Model */ = {
			isa = PBXGroup;
			children = (
			);
			path = Model;
			sourceTree = "<group>";
		};
/* End PBXGroup section */

/* Begin PBXNativeTarget section */
		FC3B627528E7974C00F51B0D /* TravelGuideApp */ = {
			isa = PBXNativeTarget;
			buildConfigurationList = FC3B628D28E7974D00F51B0D /* Build configuration list for PBXNativeTarget "TravelGuideApp" */;
			buildPhases = (
				FC3B627228E7974C00F51B0D /* Sources */,
				FC3B627328E7974C00F51B0D /* Frameworks */,
				FC3B627428E7974C00F51B0D /* Resources */,
			);
			buildRules = (
			);
			dependencies = (
			);
			name = TravelGuideApp;
			packageProductDependencies = (
				FCE581A228F335E900A7A0D7 /* Kingfisher */,
				FCE581A828F3367500A7A0D7 /* Alamofire */,
			);
			productName = TravelGuideApp;
			productReference = FC3B627628E7974C00F51B0D /* TravelGuideApp.app */;
			productType = "com.apple.product-type.application";
		};
/* End PBXNativeTarget section */

/* Begin PBXProject section */
		FC3B626E28E7974C00F51B0D /* Project object */ = {
			isa = PBXProject;
			attributes = {
				BuildIndependentTargetsInParallel = 1;
				LastSwiftUpdateCheck = 1320;
				LastUpgradeCheck = 1320;
				TargetAttributes = {
					FC3B627528E7974C00F51B0D = {
						CreatedOnToolsVersion = 13.2;
					};
				};
			};
			buildConfigurationList = FC3B627128E7974C00F51B0D /* Build configuration list for PBXProject "TravelGuideApp" */;
			compatibilityVersion = "Xcode 13.0";
			developmentRegion = en;
			hasScannedForEncodings = 0;
			knownRegions = (
				en,
				Base,
			);
			mainGroup = FC3B626D28E7974C00F51B0D;
			packageReferences = (
				FCE581A128F335E900A7A0D7 /* XCRemoteSwiftPackageReference "Kingfisher" */,
				FCE581A728F3367500A7A0D7 /* XCRemoteSwiftPackageReference "Alamofire" */,
			);
			productRefGroup = FC3B627728E7974C00F51B0D /* Products */;
			projectDirPath = "";
			projectRoot = "";
			targets = (
				FC3B627528E7974C00F51B0D /* TravelGuideApp */,
			);
		};
/* End PBXProject section */

/* Begin PBXResourcesBuildPhase section */
		FC3B627428E7974C00F51B0D /* Resources */ = {
			isa = PBXResourcesBuildPhase;
			buildActionMask = 2147483647;
			files = (
				FC4D9F9628F3A53200B0F902 /* Montserrat-Light.ttf in Resources */,
				FC4D9F9828F3A54300B0F902 /* Montserrat-SemiBold.ttf in Resources */,
				FC4D9F9C28F4579400B0F902 /* Flight.json in Resources */,
				FC4D9F9428F3A51F00B0F902 /* Montserrat-Regular.ttf in Resources */,
				FC3B628928E7974D00F51B0D /* LaunchScreen.storyboard in Resources */,
				FC4D9F8D28F3813000B0F902 /* FlightListTableViewCell.xib in Resources */,
				FCE581AD28F3388400A7A0D7 /* ArticleListCollectionViewCell.xib in Resources */,
				FC4D9F9228F3A4B100B0F902 /* SourceSansPro-Regular.ttf in Resources */,
				FC3B628628E7974D00F51B0D /* Assets.xcassets in Resources */,
				FC3B628128E7974C00F51B0D /* Main.storyboard in Resources */,
				FC4D9FAA28F50C8D00B0F902 /* Hotels.json in Resources */,
				FC4D9F9A28F3A74C00B0F902 /* SourceSansPro-SemiBold.ttf in Resources */,
				FC4D9F9028F3A47400B0F902 /* SourceSansPro-Bold.ttf in Resources */,
				FCE5819E28F32A0800A7A0D7 /* TopPickArticles.json in Resources */,
			);
			runOnlyForDeploymentPostprocessing = 0;
		};
/* End PBXResourcesBuildPhase section */

/* Begin PBXSourcesBuildPhase section */
		FC3B627228E7974C00F51B0D /* Sources */ = {
			isa = PBXSourcesBuildPhase;
			buildActionMask = 2147483647;
			files = (
				FCE5819828F3122800A7A0D7 /* ArticlesEntity.swift in Sources */,
				FC3B628428E7974C00F51B0D /* TravelGuideApp.xcdatamodeld in Sources */,
				FC3B627E28E7974C00F51B0D /* ArticleListViewController.swift in Sources */,
				FCE581B428F36E3400A7A0D7 /* SearchViewController.swift in Sources */,
				FC4D9F8328F37E4A00B0F902 /* FlightEntity.swift in Sources */,
				FC4D9F8C28F3813000B0F902 /* FlightListTableViewCell.swift in Sources */,
				FCE5819C28F3138400A7A0D7 /* ArticlesViewModel.swift in Sources */,
				FC4D9F8728F37EE200B0F902 /* FlightListViewModel.swift in Sources */,
				FC3B627A28E7974C00F51B0D /* AppDelegate.swift in Sources */,
				FC4D9F8528F37E8F00B0F902 /* FlightListModel.swift in Sources */,
				FCE581AC28F3388400A7A0D7 /* ArticleListCollectionViewCell.swift in Sources */,
				FC4D9F8928F37F8B00B0F902 /* FlightListViewController.swift in Sources */,
				FC4D9FB728F5184B00B0F902 /* HotelListModel.swift in Sources */,
				FC4D9F9F28F4A1D700B0F902 /* DetailViewController.swift in Sources */,
				FC4D9FB328F5182D00B0F902 /* HotelListViewModel.swift in Sources */,
				FCE5819A28F3133600A7A0D7 /* ArticlesListModel.swift in Sources */,
				FC4D9FB528F5183E00B0F902 /* HotelEntity.swift in Sources */,
				FC3B627C28E7974C00F51B0D /* SceneDelegate.swift in Sources */,
				FC4D9FB128F5181400B0F902 /* HotelListViewController.swift in Sources */,
			);
			runOnlyForDeploymentPostprocessing = 0;
		};
/* End PBXSourcesBuildPhase section */

/* Begin PBXVariantGroup section */
		FC3B627F28E7974C00F51B0D /* Main.storyboard */ = {
			isa = PBXVariantGroup;
			children = (
				FC3B628028E7974C00F51B0D /* Base */,
			);
			name = Main.storyboard;
			sourceTree = "<group>";
		};
		FC3B628728E7974D00F51B0D /* LaunchScreen.storyboard */ = {
			isa = PBXVariantGroup;
			children = (
				FC3B628828E7974D00F51B0D /* Base */,
			);
			name = LaunchScreen.storyboard;
			sourceTree = "<group>";
		};
/* End PBXVariantGroup section */

/* Begin XCBuildConfiguration section */
		FC3B628B28E7974D00F51B0D /* Debug */ = {
			isa = XCBuildConfiguration;
			buildSettings = {
				ALWAYS_SEARCH_USER_PATHS = NO;
				CLANG_ANALYZER_NONNULL = YES;
				CLANG_ANALYZER_NUMBER_OBJECT_CONVERSION = YES_AGGRESSIVE;
				CLANG_CXX_LANGUAGE_STANDARD = "gnu++17";
				CLANG_CXX_LIBRARY = "libc++";
				CLANG_ENABLE_MODULES = YES;
				CLANG_ENABLE_OBJC_ARC = YES;
				CLANG_ENABLE_OBJC_WEAK = YES;
				CLANG_WARN_BLOCK_CAPTURE_AUTORELEASING = YES;
				CLANG_WARN_BOOL_CONVERSION = YES;
				CLANG_WARN_COMMA = YES;
				CLANG_WARN_CONSTANT_CONVERSION = YES;
				CLANG_WARN_DEPRECATED_OBJC_IMPLEMENTATIONS = YES;
				CLANG_WARN_DIRECT_OBJC_ISA_USAGE = YES_ERROR;
				CLANG_WARN_DOCUMENTATION_COMMENTS = YES;
				CLANG_WARN_EMPTY_BODY = YES;
				CLANG_WARN_ENUM_CONVERSION = YES;
				CLANG_WARN_INFINITE_RECURSION = YES;
				CLANG_WARN_INT_CONVERSION = YES;
				CLANG_WARN_NON_LITERAL_NULL_CONVERSION = YES;
				CLANG_WARN_OBJC_IMPLICIT_RETAIN_SELF = YES;
				CLANG_WARN_OBJC_LITERAL_CONVERSION = YES;
				CLANG_WARN_OBJC_ROOT_CLASS = YES_ERROR;
				CLANG_WARN_QUOTED_INCLUDE_IN_FRAMEWORK_HEADER = YES;
				CLANG_WARN_RANGE_LOOP_ANALYSIS = YES;
				CLANG_WARN_STRICT_PROTOTYPES = YES;
				CLANG_WARN_SUSPICIOUS_MOVE = YES;
				CLANG_WARN_UNGUARDED_AVAILABILITY = YES_AGGRESSIVE;
				CLANG_WARN_UNREACHABLE_CODE = YES;
				CLANG_WARN__DUPLICATE_METHOD_MATCH = YES;
				COPY_PHASE_STRIP = NO;
				DEBUG_INFORMATION_FORMAT = dwarf;
				ENABLE_STRICT_OBJC_MSGSEND = YES;
				ENABLE_TESTABILITY = YES;
				GCC_C_LANGUAGE_STANDARD = gnu11;
				GCC_DYNAMIC_NO_PIC = NO;
				GCC_NO_COMMON_BLOCKS = YES;
				GCC_OPTIMIZATION_LEVEL = 0;
				GCC_PREPROCESSOR_DEFINITIONS = (
					"DEBUG=1",
					"$(inherited)",
				);
				GCC_WARN_64_TO_32_BIT_CONVERSION = YES;
				GCC_WARN_ABOUT_RETURN_TYPE = YES_ERROR;
				GCC_WARN_UNDECLARED_SELECTOR = YES;
				GCC_WARN_UNINITIALIZED_AUTOS = YES_AGGRESSIVE;
				GCC_WARN_UNUSED_FUNCTION = YES;
				GCC_WARN_UNUSED_VARIABLE = YES;
				IPHONEOS_DEPLOYMENT_TARGET = 15.2;
				MTL_ENABLE_DEBUG_INFO = INCLUDE_SOURCE;
				MTL_FAST_MATH = YES;
				ONLY_ACTIVE_ARCH = YES;
				SDKROOT = iphoneos;
				SWIFT_ACTIVE_COMPILATION_CONDITIONS = DEBUG;
				SWIFT_OPTIMIZATION_LEVEL = "-Onone";
			};
			name = Debug;
		};
		FC3B628C28E7974D00F51B0D /* Release */ = {
			isa = XCBuildConfiguration;
			buildSettings = {
				ALWAYS_SEARCH_USER_PATHS = NO;
				CLANG_ANALYZER_NONNULL = YES;
				CLANG_ANALYZER_NUMBER_OBJECT_CONVERSION = YES_AGGRESSIVE;
				CLANG_CXX_LANGUAGE_STANDARD = "gnu++17";
				CLANG_CXX_LIBRARY = "libc++";
				CLANG_ENABLE_MODULES = YES;
				CLANG_ENABLE_OBJC_ARC = YES;
				CLANG_ENABLE_OBJC_WEAK = YES;
				CLANG_WARN_BLOCK_CAPTURE_AUTORELEASING = YES;
				CLANG_WARN_BOOL_CONVERSION = YES;
				CLANG_WARN_COMMA = YES;
				CLANG_WARN_CONSTANT_CONVERSION = YES;
				CLANG_WARN_DEPRECATED_OBJC_IMPLEMENTATIONS = YES;
				CLANG_WARN_DIRECT_OBJC_ISA_USAGE = YES_ERROR;
				CLANG_WARN_DOCUMENTATION_COMMENTS = YES;
				CLANG_WARN_EMPTY_BODY = YES;
				CLANG_WARN_ENUM_CONVERSION = YES;
				CLANG_WARN_INFINITE_RECURSION = YES;
				CLANG_WARN_INT_CONVERSION = YES;
				CLANG_WARN_NON_LITERAL_NULL_CONVERSION = YES;
				CLANG_WARN_OBJC_IMPLICIT_RETAIN_SELF = YES;
				CLANG_WARN_OBJC_LITERAL_CONVERSION = YES;
				CLANG_WARN_OBJC_ROOT_CLASS = YES_ERROR;
				CLANG_WARN_QUOTED_INCLUDE_IN_FRAMEWORK_HEADER = YES;
				CLANG_WARN_RANGE_LOOP_ANALYSIS = YES;
				CLANG_WARN_STRICT_PROTOTYPES = YES;
				CLANG_WARN_SUSPICIOUS_MOVE = YES;
				CLANG_WARN_UNGUARDED_AVAILABILITY = YES_AGGRESSIVE;
				CLANG_WARN_UNREACHABLE_CODE = YES;
				CLANG_WARN__DUPLICATE_METHOD_MATCH = YES;
				COPY_PHASE_STRIP = NO;
				DEBUG_INFORMATION_FORMAT = "dwarf-with-dsym";
				ENABLE_NS_ASSERTIONS = NO;
				ENABLE_STRICT_OBJC_MSGSEND = YES;
				GCC_C_LANGUAGE_STANDARD = gnu11;
				GCC_NO_COMMON_BLOCKS = YES;
				GCC_WARN_64_TO_32_BIT_CONVERSION = YES;
				GCC_WARN_ABOUT_RETURN_TYPE = YES_ERROR;
				GCC_WARN_UNDECLARED_SELECTOR = YES;
				GCC_WARN_UNINITIALIZED_AUTOS = YES_AGGRESSIVE;
				GCC_WARN_UNUSED_FUNCTION = YES;
				GCC_WARN_UNUSED_VARIABLE = YES;
				IPHONEOS_DEPLOYMENT_TARGET = 15.2;
				MTL_ENABLE_DEBUG_INFO = NO;
				MTL_FAST_MATH = YES;
				SDKROOT = iphoneos;
				SWIFT_COMPILATION_MODE = wholemodule;
				SWIFT_OPTIMIZATION_LEVEL = "-O";
				VALIDATE_PRODUCT = YES;
			};
			name = Release;
		};
		FC3B628E28E7974D00F51B0D /* Debug */ = {
			isa = XCBuildConfiguration;
			buildSettings = {
				ASSETCATALOG_COMPILER_APPICON_NAME = AppIcon;
				ASSETCATALOG_COMPILER_GLOBAL_ACCENT_COLOR_NAME = AccentColor;
				CODE_SIGN_STYLE = Automatic;
				CURRENT_PROJECT_VERSION = 1;
				DEVELOPMENT_TEAM = GF9T6UPWP3;
				GENERATE_INFOPLIST_FILE = YES;
				INFOPLIST_FILE = TravelGuideApp/Info.plist;
				INFOPLIST_KEY_UIApplicationSupportsIndirectInputEvents = YES;
				INFOPLIST_KEY_UILaunchStoryboardName = LaunchScreen;
				INFOPLIST_KEY_UIMainStoryboardFile = Main;
				INFOPLIST_KEY_UISupportedInterfaceOrientations_iPad = "UIInterfaceOrientationPortrait UIInterfaceOrientationPortraitUpsideDown UIInterfaceOrientationLandscapeLeft UIInterfaceOrientationLandscapeRight";
				INFOPLIST_KEY_UISupportedInterfaceOrientations_iPhone = "UIInterfaceOrientationPortrait UIInterfaceOrientationLandscapeLeft UIInterfaceOrientationLandscapeRight";
				LD_RUNPATH_SEARCH_PATHS = (
					"$(inherited)",
					"@executable_path/Frameworks",
				);
				MARKETING_VERSION = 1.0;
				PRODUCT_BUNDLE_IDENTIFIER = com.gkaratas.TravelGuideApp;
				PRODUCT_NAME = "$(TARGET_NAME)";
				SWIFT_EMIT_LOC_STRINGS = YES;
				SWIFT_VERSION = 5.0;
				TARGETED_DEVICE_FAMILY = "1,2";
			};
			name = Debug;
		};
		FC3B628F28E7974D00F51B0D /* Release */ = {
			isa = XCBuildConfiguration;
			buildSettings = {
				ASSETCATALOG_COMPILER_APPICON_NAME = AppIcon;
				ASSETCATALOG_COMPILER_GLOBAL_ACCENT_COLOR_NAME = AccentColor;
				CODE_SIGN_STYLE = Automatic;
				CURRENT_PROJECT_VERSION = 1;
				DEVELOPMENT_TEAM = GF9T6UPWP3;
				GENERATE_INFOPLIST_FILE = YES;
				INFOPLIST_FILE = TravelGuideApp/Info.plist;
				INFOPLIST_KEY_UIApplicationSupportsIndirectInputEvents = YES;
				INFOPLIST_KEY_UILaunchStoryboardName = LaunchScreen;
				INFOPLIST_KEY_UIMainStoryboardFile = Main;
				INFOPLIST_KEY_UISupportedInterfaceOrientations_iPad = "UIInterfaceOrientationPortrait UIInterfaceOrientationPortraitUpsideDown UIInterfaceOrientationLandscapeLeft UIInterfaceOrientationLandscapeRight";
				INFOPLIST_KEY_UISupportedInterfaceOrientations_iPhone = "UIInterfaceOrientationPortrait UIInterfaceOrientationLandscapeLeft UIInterfaceOrientationLandscapeRight";
				LD_RUNPATH_SEARCH_PATHS = (
					"$(inherited)",
					"@executable_path/Frameworks",
				);
				MARKETING_VERSION = 1.0;
				PRODUCT_BUNDLE_IDENTIFIER = com.gkaratas.TravelGuideApp;
				PRODUCT_NAME = "$(TARGET_NAME)";
				SWIFT_EMIT_LOC_STRINGS = YES;
				SWIFT_VERSION = 5.0;
				TARGETED_DEVICE_FAMILY = "1,2";
			};
			name = Release;
		};
/* End XCBuildConfiguration section */

/* Begin XCConfigurationList section */
		FC3B627128E7974C00F51B0D /* Build configuration list for PBXProject "TravelGuideApp" */ = {
			isa = XCConfigurationList;
			buildConfigurations = (
				FC3B628B28E7974D00F51B0D /* Debug */,
				FC3B628C28E7974D00F51B0D /* Release */,
			);
			defaultConfigurationIsVisible = 0;
			defaultConfigurationName = Release;
		};
		FC3B628D28E7974D00F51B0D /* Build configuration list for PBXNativeTarget "TravelGuideApp" */ = {
			isa = XCConfigurationList;
			buildConfigurations = (
				FC3B628E28E7974D00F51B0D /* Debug */,
				FC3B628F28E7974D00F51B0D /* Release */,
			);
			defaultConfigurationIsVisible = 0;
			defaultConfigurationName = Release;
		};
/* End XCConfigurationList section */

/* Begin XCRemoteSwiftPackageReference section */
		FCE581A128F335E900A7A0D7 /* XCRemoteSwiftPackageReference "Kingfisher" */ = {
			isa = XCRemoteSwiftPackageReference;
			repositoryURL = "https://github.com/onevcat/Kingfisher";
			requirement = {
				branch = master;
				kind = branch;
			};
		};
		FCE581A728F3367500A7A0D7 /* XCRemoteSwiftPackageReference "Alamofire" */ = {
			isa = XCRemoteSwiftPackageReference;
			repositoryURL = "https://github.com/Alamofire/Alamofire.git";
			requirement = {
				branch = master;
				kind = branch;
			};
		};
/* End XCRemoteSwiftPackageReference section */

/* Begin XCSwiftPackageProductDependency section */
		FCE581A228F335E900A7A0D7 /* Kingfisher */ = {
			isa = XCSwiftPackageProductDependency;
			package = FCE581A128F335E900A7A0D7 /* XCRemoteSwiftPackageReference "Kingfisher" */;
			productName = Kingfisher;
		};
		FCE581A828F3367500A7A0D7 /* Alamofire */ = {
			isa = XCSwiftPackageProductDependency;
			package = FCE581A728F3367500A7A0D7 /* XCRemoteSwiftPackageReference "Alamofire" */;
			productName = Alamofire;
		};
/* End XCSwiftPackageProductDependency section */

/* Begin XCVersionGroup section */
		FC3B628228E7974C00F51B0D /* TravelGuideApp.xcdatamodeld */ = {
			isa = XCVersionGroup;
			children = (
				FC3B628328E7974C00F51B0D /* TravelGuideApp.xcdatamodel */,
			);
			currentVersion = FC3B628328E7974C00F51B0D /* TravelGuideApp.xcdatamodel */;
			path = TravelGuideApp.xcdatamodeld;
			sourceTree = "<group>";
			versionGroupType = wrapper.xcdatamodel;
		};
/* End XCVersionGroup section */
	};
	rootObject = FC3B626E28E7974C00F51B0D /* Project object */;
}
